
Microsoft Visual Studio Solution File, Format Version 12.00
# Visual Studio Version 17
VisualStudioVersion = 17.1.32407.343
MinimumVisualStudioVersion = 10.0.40219.1
Project("{FAE04EC0-301F-11D3-BF4B-00C04F79EFBC}") = "HW_1_hello_world", "HW_1_hello_world\HW_1_hello_world.csproj", "{F832FAC4-2182-40E6-82A3-7D9176D1F182}"
EndProject
Global
	GlobalSection(SolutionConfigurationPlatforms) = preSolution
		Debug|Any CPU = Debug|Any CPU
		Release|Any CPU = Release|Any CPU
	EndGlobalSection
	GlobalSection(ProjectConfigurationPlatforms) = postSolution
		{F832FAC4-2182-40E6-82A3-7D9176D1F182}.Debug|Any CPU.ActiveCfg = Debug|Any CPU
		{F832FAC4-2182-40E6-82A3-7D9176D1F182}.Debug|Any CPU.Build.0 = Debug|Any CPU
		{F832FAC4-2182-40E6-82A3-7D9176D1F182}.Release|Any CPU.ActiveCfg = Release|Any CPU
		{F832FAC4-2182-40E6-82A3-7D9176D1F182}.Release|Any CPU.Build.0 = Release|Any CPU
	EndGlobalSection
	GlobalSection(SolutionProperties) = preSolution
		HideSolutionNode = FALSE
	EndGlobalSection
	GlobalSection(ExtensibilityGlobals) = postSolution
		SolutionGuid = {059531B6-8CF3-4838-B42E-4145D2E81CB4}
	EndGlobalSection
EndGlobal
